{
  "version": 4,
  "terraform_version": "1.7.5",
  "serial": 100,
  "lineage": "6c9f56e5-95ec-ae13-0080-2f6249375854",
  "outputs": {
    "ansibleControllerPublicIp": {
      "value": "3.133.111.17",
      "type": "string"
    }
  },
  "resources": [
    {
      "mode": "data",
      "type": "aws_ami",
      "name": "ubuntu",
      "provider": "provider[\"registry.terraform.io/hashicorp/aws\"]",
      "instances": [
        {
          "schema_version": 0,
          "attributes": {
            "architecture": "x86_64",
            "arn": "arn:aws:ec2:us-east-2::image/ami-068cf3d51efeb20d6",
            "block_device_mappings": [
              {
                "device_name": "/dev/sda1",
                "ebs": {
                  "delete_on_termination": "true",
                  "encrypted": "false",
                  "iops": "0",
                  "snapshot_id": "snap-0fa5d5727bbbbd158",
                  "throughput": "0",
                  "volume_size": "8",
                  "volume_type": "gp2"
                },
                "no_device": "",
                "virtual_name": ""
              },
              {
                "device_name": "/dev/sdb",
                "ebs": {},
                "no_device": "",
                "virtual_name": "ephemeral0"
              },
              {
                "device_name": "/dev/sdc",
                "ebs": {},
                "no_device": "",
                "virtual_name": "ephemeral1"
              }
            ],
            "boot_mode": "uefi-preferred",
            "creation_date": "2024-03-26T03:06:26.000Z",
            "deprecation_time": "2026-03-26T03:06:26.000Z",
            "description": "Canonical, Ubuntu, 22.04 LTS, amd64 jammy image build on 2024-03-26",
            "ena_support": true,
            "executable_users": null,
            "filter": [
              {
                "name": "name",
                "values": [
                  "ubuntu/images/hvm-ssd/ubuntu-jammy-22.04-amd64-server-*"
                ]
              },
              {
                "name": "virtualization-type",
                "values": [
                  "hvm"
                ]
              }
            ],
            "hypervisor": "xen",
            "id": "ami-068cf3d51efeb20d6",
            "image_id": "ami-068cf3d51efeb20d6",
            "image_location": "amazon/ubuntu/images/hvm-ssd/ubuntu-jammy-22.04-amd64-server-20240326",
            "image_owner_alias": "amazon",
            "image_type": "machine",
            "imds_support": "",
            "include_deprecated": false,
            "kernel_id": "",
            "most_recent": true,
            "name": "ubuntu/images/hvm-ssd/ubuntu-jammy-22.04-amd64-server-20240326",
            "name_regex": null,
            "owner_id": "099720109477",
            "owners": [
              "099720109477"
            ],
            "platform": "",
            "platform_details": "Linux/UNIX",
            "product_codes": [],
            "public": true,
            "ramdisk_id": "",
            "root_device_name": "/dev/sda1",
            "root_device_type": "ebs",
            "root_snapshot_id": "snap-0fa5d5727bbbbd158",
            "sriov_net_support": "simple",
            "state": "available",
            "state_reason": {
              "code": "UNSET",
              "message": "UNSET"
            },
            "tags": {},
            "timeouts": null,
            "tpm_support": "",
            "usage_operation": "RunInstances",
            "virtualization_type": "hvm"
          },
          "sensitive_attributes": []
        }
      ]
    },
    {
      "mode": "managed",
      "type": "aws_instance",
      "name": "ansibleController",
      "provider": "provider[\"registry.terraform.io/hashicorp/aws\"]",
      "instances": [
        {
          "schema_version": 1,
          "attributes": {
            "ami": "ami-068cf3d51efeb20d6",
            "arn": "arn:aws:ec2:us-east-2:554660509057:instance/i-0962323f5323ad0bf",
            "associate_public_ip_address": true,
            "availability_zone": "us-east-2a",
            "capacity_reservation_specification": [
              {
                "capacity_reservation_preference": "open",
                "capacity_reservation_target": []
              }
            ],
            "cpu_core_count": 1,
            "cpu_options": [
              {
                "amd_sev_snp": "",
                "core_count": 1,
                "threads_per_core": 1
              }
            ],
            "cpu_threads_per_core": 1,
            "credit_specification": [
              {
                "cpu_credits": "standard"
              }
            ],
            "disable_api_stop": false,
            "disable_api_termination": false,
            "ebs_block_device": [],
            "ebs_optimized": false,
            "enclave_options": [
              {
                "enabled": false
              }
            ],
            "ephemeral_block_device": [],
            "get_password_data": false,
            "hibernation": false,
            "host_id": "",
            "host_resource_group_arn": null,
            "iam_instance_profile": "",
            "id": "i-0962323f5323ad0bf",
            "instance_initiated_shutdown_behavior": "stop",
            "instance_lifecycle": "",
            "instance_market_options": [],
            "instance_state": "running",
            "instance_type": "t2.micro",
            "ipv6_address_count": 0,
            "ipv6_addresses": [],
            "key_name": "itashi",
            "launch_template": [],
            "maintenance_options": [
              {
                "auto_recovery": "default"
              }
            ],
            "metadata_options": [
              {
                "http_endpoint": "enabled",
                "http_protocol_ipv6": "disabled",
                "http_put_response_hop_limit": 1,
                "http_tokens": "optional",
                "instance_metadata_tags": "disabled"
              }
            ],
            "monitoring": false,
            "network_interface": [],
            "outpost_arn": "",
            "password_data": "",
            "placement_group": "",
            "placement_partition_number": 0,
            "primary_network_interface_id": "eni-043b4994ca4096259",
            "private_dns": "ip-172-31-15-125.us-east-2.compute.internal",
            "private_dns_name_options": [
              {
                "enable_resource_name_dns_a_record": false,
                "enable_resource_name_dns_aaaa_record": false,
                "hostname_type": "ip-name"
              }
            ],
            "private_ip": "172.31.15.125",
            "public_dns": "ec2-3-133-111-17.us-east-2.compute.amazonaws.com",
            "public_ip": "3.133.111.17",
            "root_block_device": [
              {
                "delete_on_termination": true,
                "device_name": "/dev/sda1",
                "encrypted": false,
                "iops": 100,
                "kms_key_id": "",
                "tags": {},
                "tags_all": {},
                "throughput": 0,
                "volume_id": "vol-06173c78e59ddc1be",
                "volume_size": 8,
                "volume_type": "gp2"
              }
            ],
            "secondary_private_ips": [],
            "security_groups": [
              "itashi"
            ],
            "source_dest_check": true,
            "spot_instance_request_id": "",
            "subnet_id": "subnet-021f703c84ac65677",
            "tags": {
              "Name": "itashi"
            },
            "tags_all": {
              "Name": "itashi"
            },
            "tenancy": "default",
            "timeouts": null,
            "user_data": null,
            "user_data_base64": null,
            "user_data_replace_on_change": false,
            "volume_tags": null,
            "vpc_security_group_ids": [
              "sg-0fe7100d0bb0a41e2"
            ]
          },
          "sensitive_attributes": [],
          "private": "eyJlMmJmYjczMC1lY2FhLTExZTYtOGY4OC0zNDM2M2JjN2M0YzAiOnsiY3JlYXRlIjo2MDAwMDAwMDAwMDAsImRlbGV0ZSI6MTIwMDAwMDAwMDAwMCwicmVhZCI6OTAwMDAwMDAwMDAwLCJ1cGRhdGUiOjYwMDAwMDAwMDAwMH0sInNjaGVtYV92ZXJzaW9uIjoiMSJ9",
          "dependencies": [
            "aws_key_pair.keypair",
            "aws_security_group.ansibleController",
            "data.aws_ami.ubuntu",
            "tls_private_key.keypair"
          ]
        }
      ]
    },
    {
      "mode": "managed",
      "type": "aws_key_pair",
      "name": "keypair",
      "provider": "provider[\"registry.terraform.io/hashicorp/aws\"]",
      "instances": [
        {
          "schema_version": 1,
          "attributes": {
            "arn": "arn:aws:ec2:us-east-2:554660509057:key-pair/itashi",
            "fingerprint": "1c:af:63:c2:cc:4b:8d:4e:64:9e:35:81:f1:c3:58:05",
            "id": "itashi",
            "key_name": "itashi",
            "key_name_prefix": "",
            "key_pair_id": "key-04bbb8e7aaaaf4c24",
            "key_type": "rsa",
            "public_key": "ssh-rsa AAAAB3NzaC1yc2EAAAADAQABAAABAQCW9iVCNSxLZXsfrRaJI2rBExWrgk5T3MjYRM6QVEMTw2lEI43CUM/IXw/B9vtgN5RUtnBkM/S4j/I6voNmjy46hdJYwpO8q2jDW02ABiI4ExSuqqkp84W3HjG0x4qjBJ7EyCKzA3LJUuN3whq1SXyZqFL0mLAJG5rO5cOnH80IGR5ZLJoNFPdFtL/wuQ9qykos9D2dMjmvQusA9Fcd50m3mq+NPcpbJ2/spncX+EZ2gF1zyNS8oGuh20sSURpQMsX+O/zvT0Zq6oeMYNkZO/McSLYEvH5F6T4uTZgw/+pKG3Ible5Dld3mP0Tjs43+xwKv9yZt7Acb2evlhrD0js1n",
            "tags": {},
            "tags_all": {}
          },
          "sensitive_attributes": [],
          "private": "eyJzY2hlbWFfdmVyc2lvbiI6IjEifQ==",
          "dependencies": [
            "tls_private_key.keypair"
          ]
        }
      ]
    },
    {
      "mode": "managed",
      "type": "aws_security_group",
      "name": "ansibleController",
      "provider": "provider[\"registry.terraform.io/hashicorp/aws\"]",
      "instances": [
        {
          "schema_version": 1,
          "attributes": {
            "arn": "arn:aws:ec2:us-east-2:554660509057:security-group/sg-0fe7100d0bb0a41e2",
            "description": "Managed by Terraform",
            "egress": [
              {
                "cidr_blocks": [
                  "0.0.0.0/0"
                ],
                "description": "All open for outbound access.",
                "from_port": 0,
                "ipv6_cidr_blocks": [],
                "prefix_list_ids": [],
                "protocol": "-1",
                "security_groups": [],
                "self": false,
                "to_port": 0
              }
            ],
            "id": "sg-0fe7100d0bb0a41e2",
            "ingress": [
              {
                "cidr_blocks": [
                  "0.0.0.0/0"
                ],
                "description": "SSH Port",
                "from_port": 22,
                "ipv6_cidr_blocks": [],
                "prefix_list_ids": [],
                "protocol": "tcp",
                "security_groups": [],
                "self": false,
                "to_port": 22
              },
              {
                "cidr_blocks": [
                  "0.0.0.0/0"
                ],
                "description": "SSH Port",
                "from_port": 8080,
                "ipv6_cidr_blocks": [],
                "prefix_list_ids": [],
                "protocol": "tcp",
                "security_groups": [],
                "self": false,
                "to_port": 8080
              }
            ],
            "name": "itashi",
            "name_prefix": "",
            "owner_id": "554660509057",
            "revoke_rules_on_delete": false,
            "tags": {},
            "tags_all": {},
            "timeouts": null,
            "vpc_id": "vpc-024fe4924cee0a390"
          },
          "sensitive_attributes": [],
          "private": "eyJlMmJmYjczMC1lY2FhLTExZTYtOGY4OC0zNDM2M2JjN2M0YzAiOnsiY3JlYXRlIjo2MDAwMDAwMDAwMDAsImRlbGV0ZSI6OTAwMDAwMDAwMDAwfSwic2NoZW1hX3ZlcnNpb24iOiIxIn0="
        }
      ]
    },
    {
      "mode": "managed",
      "type": "local_file",
      "name": "tls_private_key",
      "provider": "provider[\"registry.terraform.io/hashicorp/local\"]",
      "instances": [
        {
          "schema_version": 0,
          "attributes": {
            "content": "-----BEGIN RSA PRIVATE KEY-----\nMIIEpQIBAAKCAQEAlvYlQjUsS2V7H60WiSNqwRMVq4JOU9zI2ETOkFRDE8NpRCON\nwlDPyF8Pwfb7YDeUVLZwZDP0uI/yOr6DZo8uOoXSWMKTvKtow1tNgAYiOBMUrqqp\nKfOFtx4xtMeKowSexMgiswNyyVLjd8IatUl8mahS9JiwCRuazuXDpx/NCBkeWSya\nDRT3RbS/8LkPaspKLPQ9nTI5r0LrAPRXHedJt5qvjT3KWydv7KZ3F/hGdoBdc8jU\nvKBrodtLElEaUDLF/jv8709GauqHjGDZGTvzHEi2BLx+Rek+Lk2YMP/qShtyG5Xu\nQ5Xd5j9E47ON/scCr/cmbewHG9nr5Yaw9I7NZwIDAQABAoIBAERN6TvUvU78AsKp\nWXoBiWsEzJhGpFQzoLiiIWiSh6sojrei8qBKWkmKIaIcs06stzPBPIdKLt9XWj2U\nN/YusLcQF8XLfHcwg31pEV7s54zBrWj+lP4DTqw1QD5QzvzFuWTGPVUMKWLIW12z\neMwwDO2liKtdbsEgOWKF+YnjzKxtpzEQCcGDg0/+REhbwrs+YtJnnzMOIWl8gCiY\nv/1VQCVcKBqLvq8+w5P8+OYI4fMspuRpdt3ayNj50YmS98mWSKRftBRbafT9vYzd\ntRvaieJSmNd7m4Hu0ry30ANk48O7+Mo8qGYgkJPyhLoxfYtTBzNiE7ApzN4k5P9b\ntJNI6tECgYEAwh651qsg9OnJvkwBN1wiVCAKfMq0LIOKsa7w/GlCsRYhGIAFOgoL\nRNn5kR7jkr/nXubwPBW7h8vuZyYx9G3ZBRPNxxSoiTxJ69A2ykIW6rM60Bsz8f1X\nnNYAbbIPpq0R7XjL/uCBWJa8WKXE3F/BLWLFe+TJjKa9n5Ey+raq57kCgYEAxxVx\nx9UkvIeJWGs6trdAroSDdAzQvHHzjePn+2czf03pZP2G8Ua6pAAMgNXIGY77vX1q\nXYU8fliOmlIty56P6o576nxfZD+Gb7wrstB7ngz38UXYHsRMAaS8JeJKRbtXilT9\nw2cct1gZwY/Z0i/q1SsiOIPbB6C8cU/SsrPFrh8CgYEAj8NhrnIefkOGfcCcRfue\nEN+J5NHajfz9goolP0pVcgEJkbN+K3W00tD721YdBFnLaKVv1Y/iyrdlYE8RQAz6\nZKA+Depmxvw3YsVZToGTp04FiIoc9mLBuA1lU9hDbxVN6alEqwZpxModwylBmlPw\nJUS5LQBLpDb4yGwobTVLbUECgYEArT6tGBAUevebftU5b92CrRvl5OxuDT9Aih5l\nNvK07riXPWoerwI00xizyL3A9vTlfx2PnTifzvcziXmwHnyqkpxRm1mGDY/2Zm+i\nu2YP3Rc+ALkd/JAn8Fox3OnSZmJEKL4TYqLta2OAbl/HVtCaE80IZ5Pe3AF1W0ny\nec5VXVMCgYEAqJMgaSSbjPDKBgWUemgLFZB2LcHrU2ccFkve2+RSTxOsD5r77nuP\n/3yrBYQOMwwkaDbtl220rVEm5s1iAyPHdtXb3oizdxgWHLMVAMJIb2LzMsLTYKqM\noLyawSMB7/fNmK2FS1kjDFqhL/B+iiOj9Oz2Yd/803pnBPbJAZp5URg=\n-----END RSA PRIVATE KEY-----\n",
            "content_base64": null,
            "content_base64sha256": "9dk+g7T3l/R2ZQcKCiWgx/5xYXJDeC6hcMaK6YuAQqk=",
            "content_base64sha512": "Jy2CmOB7FS/cykdHKCwnIOFKlIkJlUUcANa34g0ONxnTFsqX9hsYTlEOx2HB0fW2ksrJZmcJhyPJycAoMSWsSA==",
            "content_md5": "e0980acfe4762e79229ae2e548451bea",
            "content_sha1": "75841d860c9b9cbeb3cc5bc013f4b5d4f04efe2a",
            "content_sha256": "f5d93e83b4f797f47665070a0a25a0c7fe71617243782ea170c68ae98b8042a9",
            "content_sha512": "272d8298e07b152fdcca4747282c2720e14a94890995451c00d6b7e20d0e3719d316ca97f61b184e510ec761c1d1f5b692cac96667098723c9c9c0283125ac48",
            "directory_permission": "0777",
            "file_permission": "0600",
            "filename": "c:/users/Admin/.ssh/itashi.pem",
            "id": "75841d860c9b9cbeb3cc5bc013f4b5d4f04efe2a",
            "sensitive_content": null,
            "source": null
          },
          "sensitive_attributes": [
            [
              {
                "type": "get_attr",
                "value": "content"
              }
            ]
          ],
          "dependencies": [
            "tls_private_key.keypair"
          ]
        }
      ]
    },
    {
      "mode": "managed",
      "type": "null_resource",
      "name": "copyAnsibleCfg",
      "provider": "provider[\"registry.terraform.io/hashicorp/null\"]",
      "instances": [
        {
          "schema_version": 0,
          "attributes": {
            "id": "5238419801028265894",
            "triggers": {
              "ansibleControllerID": "i-0962323f5323ad0bf"
            }
          },
          "sensitive_attributes": [],
          "dependencies": [
            "aws_instance.ansibleController",
            "aws_key_pair.keypair",
            "aws_security_group.ansibleController",
            "data.aws_ami.ubuntu",
            "tls_private_key.keypair"
          ]
        }
      ]
    },
    {
      "mode": "managed",
      "type": "null_resource",
      "name": "copyPlaybooks",
      "provider": "provider[\"registry.terraform.io/hashicorp/null\"]",
      "instances": [
        {
          "schema_version": 0,
          "attributes": {
            "id": "3856335808620869427",
            "triggers": {
              "timestamp": "2024-03-29T08:17:48Z"
            }
          },
          "sensitive_attributes": [],
          "dependencies": [
            "aws_instance.ansibleController",
            "aws_key_pair.keypair",
            "aws_security_group.ansibleController",
            "data.aws_ami.ubuntu",
            "tls_private_key.keypair"
          ]
        }
      ]
    },
    {
      "mode": "managed",
      "type": "null_resource",
      "name": "copyPrivateKey",
      "provider": "provider[\"registry.terraform.io/hashicorp/null\"]",
      "instances": [
        {
          "schema_version": 0,
          "attributes": {
            "id": "2664082298170668621",
            "triggers": {
              "ansibleControllerID": "i-0962323f5323ad0bf"
            }
          },
          "sensitive_attributes": [],
          "dependencies": [
            "aws_instance.ansibleController",
            "aws_key_pair.keypair",
            "aws_security_group.ansibleController",
            "data.aws_ami.ubuntu",
            "tls_private_key.keypair"
          ]
        }
      ]
    },
    {
      "mode": "managed",
      "type": "null_resource",
      "name": "installAnsible",
      "provider": "provider[\"registry.terraform.io/hashicorp/null\"]",
      "instances": [
        {
          "schema_version": 0,
          "attributes": {
            "id": "472096751147424483",
            "triggers": {
              "ansibleControllerID": "i-0962323f5323ad0bf"
            }
          },
          "sensitive_attributes": [],
          "dependencies": [
            "aws_instance.ansibleController",
            "aws_key_pair.keypair",
            "aws_security_group.ansibleController",
            "data.aws_ami.ubuntu",
            "null_resource.copyPrivateKey",
            "tls_private_key.keypair"
          ]
        }
      ]
    },
    {
      "mode": "managed",
      "type": "null_resource",
      "name": "runPlaybooks",
      "provider": "provider[\"registry.terraform.io/hashicorp/null\"]",
      "instances": [
        {
          "schema_version": 0,
          "attributes": {
            "id": "9077471880556324005",
            "triggers": {
              "copyPlaybooks": "3856335808620869427"
            }
          },
          "sensitive_attributes": [],
          "dependencies": [
            "aws_instance.ansibleController",
            "aws_key_pair.keypair",
            "aws_security_group.ansibleController",
            "data.aws_ami.ubuntu",
            "null_resource.copyPlaybooks",
            "tls_private_key.keypair"
          ]
        }
      ]
    },
    {
      "mode": "managed",
      "type": "null_resource",
      "name": "runPlaybooks_withPassword",
      "provider": "provider[\"registry.terraform.io/hashicorp/null\"]",
      "instances": [
        {
          "schema_version": 0,
          "attributes": {
            "id": "2879842334209497642",
            "triggers": {
              "copyPlaybooks": "3856335808620869427"
            }
          },
          "sensitive_attributes": [],
          "dependencies": [
            "aws_instance.ansibleController",
            "aws_key_pair.keypair",
            "aws_security_group.ansibleController",
            "data.aws_ami.ubuntu",
            "null_resource.copyPlaybooks",
            "null_resource.runPlaybooks",
            "tls_private_key.keypair"
          ]
        }
      ]
    },
    {
      "mode": "managed",
      "type": "tls_private_key",
      "name": "keypair",
      "provider": "provider[\"registry.terraform.io/hashicorp/tls\"]",
      "instances": [
        {
          "schema_version": 1,
          "attributes": {
            "algorithm": "RSA",
            "ecdsa_curve": "P224",
            "id": "91fc81ebe0acd7d6456838175ff3aa6813966a8c",
            "private_key_openssh": "-----BEGIN OPENSSH PRIVATE KEY-----\nb3BlbnNzaC1rZXktdjEAAAAABG5vbmUAAAAEbm9uZQAAAAAAAAABAAABFwAAAAdz\nc2gtcnNhAAAAAwEAAQAAAQEAlvYlQjUsS2V7H60WiSNqwRMVq4JOU9zI2ETOkFRD\nE8NpRCONwlDPyF8Pwfb7YDeUVLZwZDP0uI/yOr6DZo8uOoXSWMKTvKtow1tNgAYi\nOBMUrqqpKfOFtx4xtMeKowSexMgiswNyyVLjd8IatUl8mahS9JiwCRuazuXDpx/N\nCBkeWSyaDRT3RbS/8LkPaspKLPQ9nTI5r0LrAPRXHedJt5qvjT3KWydv7KZ3F/hG\ndoBdc8jUvKBrodtLElEaUDLF/jv8709GauqHjGDZGTvzHEi2BLx+Rek+Lk2YMP/q\nShtyG5XuQ5Xd5j9E47ON/scCr/cmbewHG9nr5Yaw9I7NZwAAA7jJAHcnyQB3JwAA\nAAdzc2gtcnNhAAABAQCW9iVCNSxLZXsfrRaJI2rBExWrgk5T3MjYRM6QVEMTw2lE\nI43CUM/IXw/B9vtgN5RUtnBkM/S4j/I6voNmjy46hdJYwpO8q2jDW02ABiI4ExSu\nqqkp84W3HjG0x4qjBJ7EyCKzA3LJUuN3whq1SXyZqFL0mLAJG5rO5cOnH80IGR5Z\nLJoNFPdFtL/wuQ9qykos9D2dMjmvQusA9Fcd50m3mq+NPcpbJ2/spncX+EZ2gF1z\nyNS8oGuh20sSURpQMsX+O/zvT0Zq6oeMYNkZO/McSLYEvH5F6T4uTZgw/+pKG3Ib\nle5Dld3mP0Tjs43+xwKv9yZt7Acb2evlhrD0js1nAAAAAwEAAQAAAQBETek71L1O\n/ALCqVl6AYlrBMyYRqRUM6C4oiFokoerKI63ovKgSlpJiiGiHLNOrLczwTyHSi7f\nV1o9lDf2LrC3EBfFy3x3MIN9aRFe7OeMwa1o/pT+A06sNUA+UM78xblkxj1VDCli\nyFtds3jMMAztpYirXW7BIDlihfmJ48ysbacxEAnBg4NP/kRIW8K7PmLSZ58zDiFp\nfIAomL/9VUAlXCgai76vPsOT/PjmCOHzLKbkaXbd2sjY+dGJkvfJlkikX7QUW2n0\n/b2M3bUb2oniUpjXe5uB7tK8t9ADZOPDu/jKPKhmIJCT8oS6MX2LUwczYhOwKcze\nJOT/W7STSOrRAAAAgQCokyBpJJuM8MoGBZR6aAsVkHYtwetTZxwWS97b5FJPE6wP\nmvvue4//fKsFhA4zDCRoNu2XbbStUSbmzWIDI8d21dveiLN3GBYcsxUAwkhvYvMy\nwtNgqoygvJrBIwHv982YrYVLWSMMWqEv8H6KI6P07PZh3/zTemcE9skBmnlRGAAA\nAIEAwh651qsg9OnJvkwBN1wiVCAKfMq0LIOKsa7w/GlCsRYhGIAFOgoLRNn5kR7j\nkr/nXubwPBW7h8vuZyYx9G3ZBRPNxxSoiTxJ69A2ykIW6rM60Bsz8f1XnNYAbbIP\npq0R7XjL/uCBWJa8WKXE3F/BLWLFe+TJjKa9n5Ey+raq57kAAACBAMcVccfVJLyH\niVhrOra3QK6Eg3QM0Lxx843j5/tnM39N6WT9hvFGuqQADIDVyBmO+719al2FPH5Y\njppSLcuej+qOe+p8X2Q/hm+8K7LQe54M9/FF2B7ETAGkvCXiSkW7V4pU/cNnHLdY\nGcGP2dIv6tUrIjiD2wegvHFP0rKzxa4fAAAAAAEC\n-----END OPENSSH PRIVATE KEY-----\n",
            "private_key_pem": "-----BEGIN RSA PRIVATE KEY-----\nMIIEpQIBAAKCAQEAlvYlQjUsS2V7H60WiSNqwRMVq4JOU9zI2ETOkFRDE8NpRCON\nwlDPyF8Pwfb7YDeUVLZwZDP0uI/yOr6DZo8uOoXSWMKTvKtow1tNgAYiOBMUrqqp\nKfOFtx4xtMeKowSexMgiswNyyVLjd8IatUl8mahS9JiwCRuazuXDpx/NCBkeWSya\nDRT3RbS/8LkPaspKLPQ9nTI5r0LrAPRXHedJt5qvjT3KWydv7KZ3F/hGdoBdc8jU\nvKBrodtLElEaUDLF/jv8709GauqHjGDZGTvzHEi2BLx+Rek+Lk2YMP/qShtyG5Xu\nQ5Xd5j9E47ON/scCr/cmbewHG9nr5Yaw9I7NZwIDAQABAoIBAERN6TvUvU78AsKp\nWXoBiWsEzJhGpFQzoLiiIWiSh6sojrei8qBKWkmKIaIcs06stzPBPIdKLt9XWj2U\nN/YusLcQF8XLfHcwg31pEV7s54zBrWj+lP4DTqw1QD5QzvzFuWTGPVUMKWLIW12z\neMwwDO2liKtdbsEgOWKF+YnjzKxtpzEQCcGDg0/+REhbwrs+YtJnnzMOIWl8gCiY\nv/1VQCVcKBqLvq8+w5P8+OYI4fMspuRpdt3ayNj50YmS98mWSKRftBRbafT9vYzd\ntRvaieJSmNd7m4Hu0ry30ANk48O7+Mo8qGYgkJPyhLoxfYtTBzNiE7ApzN4k5P9b\ntJNI6tECgYEAwh651qsg9OnJvkwBN1wiVCAKfMq0LIOKsa7w/GlCsRYhGIAFOgoL\nRNn5kR7jkr/nXubwPBW7h8vuZyYx9G3ZBRPNxxSoiTxJ69A2ykIW6rM60Bsz8f1X\nnNYAbbIPpq0R7XjL/uCBWJa8WKXE3F/BLWLFe+TJjKa9n5Ey+raq57kCgYEAxxVx\nx9UkvIeJWGs6trdAroSDdAzQvHHzjePn+2czf03pZP2G8Ua6pAAMgNXIGY77vX1q\nXYU8fliOmlIty56P6o576nxfZD+Gb7wrstB7ngz38UXYHsRMAaS8JeJKRbtXilT9\nw2cct1gZwY/Z0i/q1SsiOIPbB6C8cU/SsrPFrh8CgYEAj8NhrnIefkOGfcCcRfue\nEN+J5NHajfz9goolP0pVcgEJkbN+K3W00tD721YdBFnLaKVv1Y/iyrdlYE8RQAz6\nZKA+Depmxvw3YsVZToGTp04FiIoc9mLBuA1lU9hDbxVN6alEqwZpxModwylBmlPw\nJUS5LQBLpDb4yGwobTVLbUECgYEArT6tGBAUevebftU5b92CrRvl5OxuDT9Aih5l\nNvK07riXPWoerwI00xizyL3A9vTlfx2PnTifzvcziXmwHnyqkpxRm1mGDY/2Zm+i\nu2YP3Rc+ALkd/JAn8Fox3OnSZmJEKL4TYqLta2OAbl/HVtCaE80IZ5Pe3AF1W0ny\nec5VXVMCgYEAqJMgaSSbjPDKBgWUemgLFZB2LcHrU2ccFkve2+RSTxOsD5r77nuP\n/3yrBYQOMwwkaDbtl220rVEm5s1iAyPHdtXb3oizdxgWHLMVAMJIb2LzMsLTYKqM\noLyawSMB7/fNmK2FS1kjDFqhL/B+iiOj9Oz2Yd/803pnBPbJAZp5URg=\n-----END RSA PRIVATE KEY-----\n",
            "private_key_pem_pkcs8": "-----BEGIN PRIVATE KEY-----\nMIIEvwIBADANBgkqhkiG9w0BAQEFAASCBKkwggSlAgEAAoIBAQCW9iVCNSxLZXsf\nrRaJI2rBExWrgk5T3MjYRM6QVEMTw2lEI43CUM/IXw/B9vtgN5RUtnBkM/S4j/I6\nvoNmjy46hdJYwpO8q2jDW02ABiI4ExSuqqkp84W3HjG0x4qjBJ7EyCKzA3LJUuN3\nwhq1SXyZqFL0mLAJG5rO5cOnH80IGR5ZLJoNFPdFtL/wuQ9qykos9D2dMjmvQusA\n9Fcd50m3mq+NPcpbJ2/spncX+EZ2gF1zyNS8oGuh20sSURpQMsX+O/zvT0Zq6oeM\nYNkZO/McSLYEvH5F6T4uTZgw/+pKG3Ible5Dld3mP0Tjs43+xwKv9yZt7Acb2evl\nhrD0js1nAgMBAAECggEARE3pO9S9TvwCwqlZegGJawTMmEakVDOguKIhaJKHqyiO\nt6LyoEpaSYohohyzTqy3M8E8h0ou31daPZQ39i6wtxAXxct8dzCDfWkRXuznjMGt\naP6U/gNOrDVAPlDO/MW5ZMY9VQwpYshbXbN4zDAM7aWIq11uwSA5YoX5iePMrG2n\nMRAJwYODT/5ESFvCuz5i0mefMw4haXyAKJi//VVAJVwoGou+rz7Dk/z45gjh8yym\n5Gl23drI2PnRiZL3yZZIpF+0FFtp9P29jN21G9qJ4lKY13ubge7SvLfQA2Tjw7v4\nyjyoZiCQk/KEujF9i1MHM2ITsCnM3iTk/1u0k0jq0QKBgQDCHrnWqyD06cm+TAE3\nXCJUIAp8yrQsg4qxrvD8aUKxFiEYgAU6CgtE2fmRHuOSv+de5vA8FbuHy+5nJjH0\nbdkFE83HFKiJPEnr0DbKQhbqszrQGzPx/Vec1gBtsg+mrRHteMv+4IFYlrxYpcTc\nX8EtYsV75MmMpr2fkTL6tqrnuQKBgQDHFXHH1SS8h4lYazq2t0CuhIN0DNC8cfON\n4+f7ZzN/Telk/YbxRrqkAAyA1cgZjvu9fWpdhTx+WI6aUi3Lno/qjnvqfF9kP4Zv\nvCuy0HueDPfxRdgexEwBpLwl4kpFu1eKVP3DZxy3WBnBj9nSL+rVKyI4g9sHoLxx\nT9Kys8WuHwKBgQCPw2Guch5+Q4Z9wJxF+54Q34nk0dqN/P2CiiU/SlVyAQmRs34r\ndbTS0PvbVh0EWctopW/Vj+LKt2VgTxFADPpkoD4N6mbG/DdixVlOgZOnTgWIihz2\nYsG4DWVT2ENvFU3pqUSrBmnEyh3DKUGaU/AlRLktAEukNvjIbChtNUttQQKBgQCt\nPq0YEBR695t+1Tlv3YKtG+Xk7G4NP0CKHmU28rTuuJc9ah6vAjTTGLPIvcD29OV/\nHY+dOJ/O9zOJebAefKqSnFGbWYYNj/Zmb6K7Zg/dFz4AuR38kCfwWjHc6dJmYkQo\nvhNiou1rY4BuX8dW0JoTzQhnk97cAXVbSfJ5zlVdUwKBgQCokyBpJJuM8MoGBZR6\naAsVkHYtwetTZxwWS97b5FJPE6wPmvvue4//fKsFhA4zDCRoNu2XbbStUSbmzWID\nI8d21dveiLN3GBYcsxUAwkhvYvMywtNgqoygvJrBIwHv982YrYVLWSMMWqEv8H6K\nI6P07PZh3/zTemcE9skBmnlRGA==\n-----END PRIVATE KEY-----\n",
            "public_key_fingerprint_md5": "87:86:01:d9:68:3e:2e:ce:b0:75:d8:08:3a:1f:df:96",
            "public_key_fingerprint_sha256": "SHA256:Bzj0NiTzwaPEMadjm69a61HMBggDAw7tpJ5o2pJL72M",
            "public_key_openssh": "ssh-rsa AAAAB3NzaC1yc2EAAAADAQABAAABAQCW9iVCNSxLZXsfrRaJI2rBExWrgk5T3MjYRM6QVEMTw2lEI43CUM/IXw/B9vtgN5RUtnBkM/S4j/I6voNmjy46hdJYwpO8q2jDW02ABiI4ExSuqqkp84W3HjG0x4qjBJ7EyCKzA3LJUuN3whq1SXyZqFL0mLAJG5rO5cOnH80IGR5ZLJoNFPdFtL/wuQ9qykos9D2dMjmvQusA9Fcd50m3mq+NPcpbJ2/spncX+EZ2gF1zyNS8oGuh20sSURpQMsX+O/zvT0Zq6oeMYNkZO/McSLYEvH5F6T4uTZgw/+pKG3Ible5Dld3mP0Tjs43+xwKv9yZt7Acb2evlhrD0js1n\n",
            "public_key_pem": "-----BEGIN PUBLIC KEY-----\nMIIBIjANBgkqhkiG9w0BAQEFAAOCAQ8AMIIBCgKCAQEAlvYlQjUsS2V7H60WiSNq\nwRMVq4JOU9zI2ETOkFRDE8NpRCONwlDPyF8Pwfb7YDeUVLZwZDP0uI/yOr6DZo8u\nOoXSWMKTvKtow1tNgAYiOBMUrqqpKfOFtx4xtMeKowSexMgiswNyyVLjd8IatUl8\nmahS9JiwCRuazuXDpx/NCBkeWSyaDRT3RbS/8LkPaspKLPQ9nTI5r0LrAPRXHedJ\nt5qvjT3KWydv7KZ3F/hGdoBdc8jUvKBrodtLElEaUDLF/jv8709GauqHjGDZGTvz\nHEi2BLx+Rek+Lk2YMP/qShtyG5XuQ5Xd5j9E47ON/scCr/cmbewHG9nr5Yaw9I7N\nZwIDAQAB\n-----END PUBLIC KEY-----\n",
            "rsa_bits": 2048
          },
          "sensitive_attributes": []
        }
      ]
    }
  ],
  "check_results": null
}
