{
  "version": 4,
  "terraform_version": "1.7.5",
  "serial": 34,
  "lineage": "54552ba2-f6e5-b5bc-2443-4018554f57a2",
  "outputs": {
    "public-ip": {
      "value": "3.137.187.141",
      "type": "string"
    }
  },
  "resources": [
    {
      "mode": "data",
      "type": "aws_ami",
      "name": "ubuntu",
      "provider": "provider[\"registry.terraform.io/hashicorp/aws\"]",
      "instances": [
        {
          "schema_version": 0,
          "attributes": {
            "architecture": "x86_64",
            "arn": "arn:aws:ec2:us-east-2::image/ami-068cf3d51efeb20d6",
            "block_device_mappings": [
              {
                "device_name": "/dev/sda1",
                "ebs": {
                  "delete_on_termination": "true",
                  "encrypted": "false",
                  "iops": "0",
                  "snapshot_id": "snap-0fa5d5727bbbbd158",
                  "throughput": "0",
                  "volume_size": "8",
                  "volume_type": "gp2"
                },
                "no_device": "",
                "virtual_name": ""
              },
              {
                "device_name": "/dev/sdb",
                "ebs": {},
                "no_device": "",
                "virtual_name": "ephemeral0"
              },
              {
                "device_name": "/dev/sdc",
                "ebs": {},
                "no_device": "",
                "virtual_name": "ephemeral1"
              }
            ],
            "boot_mode": "uefi-preferred",
            "creation_date": "2024-03-26T03:06:26.000Z",
            "deprecation_time": "2026-03-26T03:06:26.000Z",
            "description": "Canonical, Ubuntu, 22.04 LTS, amd64 jammy image build on 2024-03-26",
            "ena_support": true,
            "executable_users": null,
            "filter": [
              {
                "name": "name",
                "values": [
                  "ubuntu/images/hvm-ssd/ubuntu-jammy-22.04-amd64-server-*"
                ]
              },
              {
                "name": "virtualization-type",
                "values": [
                  "hvm"
                ]
              }
            ],
            "hypervisor": "xen",
            "id": "ami-068cf3d51efeb20d6",
            "image_id": "ami-068cf3d51efeb20d6",
            "image_location": "amazon/ubuntu/images/hvm-ssd/ubuntu-jammy-22.04-amd64-server-20240326",
            "image_owner_alias": "amazon",
            "image_type": "machine",
            "imds_support": "",
            "include_deprecated": false,
            "kernel_id": "",
            "most_recent": true,
            "name": "ubuntu/images/hvm-ssd/ubuntu-jammy-22.04-amd64-server-20240326",
            "name_regex": null,
            "owner_id": "099720109477",
            "owners": [
              "099720109477"
            ],
            "platform": "",
            "platform_details": "Linux/UNIX",
            "product_codes": [],
            "public": true,
            "ramdisk_id": "",
            "root_device_name": "/dev/sda1",
            "root_device_type": "ebs",
            "root_snapshot_id": "snap-0fa5d5727bbbbd158",
            "sriov_net_support": "simple",
            "state": "available",
            "state_reason": {
              "code": "UNSET",
              "message": "UNSET"
            },
            "tags": {},
            "timeouts": null,
            "tpm_support": "",
            "usage_operation": "RunInstances",
            "virtualization_type": "hvm"
          },
          "sensitive_attributes": []
        }
      ]
    },
    {
      "mode": "data",
      "type": "http",
      "name": "access_apache",
      "provider": "provider[\"registry.terraform.io/hashicorp/http\"]",
      "instances": [
        {
          "schema_version": 0,
          "attributes": {
            "body": "",
            "ca_cert_pem": null,
            "id": "http://3.137.187.141:80",
            "insecure": null,
            "method": "HEAD",
            "request_body": null,
            "request_headers": null,
            "request_timeout_ms": null,
            "response_body": "",
            "response_body_base64": "",
            "response_headers": {
              "Accept-Ranges": "bytes",
              "Content-Length": "156",
              "Content-Type": "text/html",
              "Date": "Wed, 27 Mar 2024 08:08:32 GMT",
              "Etag": "\"9c-6149fe98c7578\"",
              "Last-Modified": "Wed, 27 Mar 2024 08:08:30 GMT",
              "Server": "Apache/2.4.52 (Ubuntu)",
              "Vary": "Accept-Encoding"
            },
            "retry": null,
            "status_code": 200,
            "url": "http://3.137.187.141:80"
          },
          "sensitive_attributes": []
        }
      ]
    },
    {
      "mode": "managed",
      "type": "aws_instance",
      "name": "ubuntu",
      "provider": "provider[\"registry.terraform.io/hashicorp/aws\"]",
      "instances": [
        {
          "schema_version": 1,
          "attributes": {
            "ami": "ami-068cf3d51efeb20d6",
            "arn": "arn:aws:ec2:us-east-2:554660509057:instance/i-05cf77357c710ee05",
            "associate_public_ip_address": true,
            "availability_zone": "us-east-2a",
            "capacity_reservation_specification": [
              {
                "capacity_reservation_preference": "open",
                "capacity_reservation_target": []
              }
            ],
            "cpu_core_count": 1,
            "cpu_options": [
              {
                "amd_sev_snp": "",
                "core_count": 1,
                "threads_per_core": 1
              }
            ],
            "cpu_threads_per_core": 1,
            "credit_specification": [
              {
                "cpu_credits": "standard"
              }
            ],
            "disable_api_stop": false,
            "disable_api_termination": false,
            "ebs_block_device": [],
            "ebs_optimized": false,
            "enclave_options": [
              {
                "enabled": false
              }
            ],
            "ephemeral_block_device": [],
            "get_password_data": false,
            "hibernation": false,
            "host_id": "",
            "host_resource_group_arn": null,
            "iam_instance_profile": "",
            "id": "i-05cf77357c710ee05",
            "instance_initiated_shutdown_behavior": "stop",
            "instance_lifecycle": "",
            "instance_market_options": [],
            "instance_state": "running",
            "instance_type": "t2.micro",
            "ipv6_address_count": 0,
            "ipv6_addresses": [],
            "key_name": "itashi-key",
            "launch_template": [],
            "maintenance_options": [
              {
                "auto_recovery": "default"
              }
            ],
            "metadata_options": [
              {
                "http_endpoint": "enabled",
                "http_protocol_ipv6": "disabled",
                "http_put_response_hop_limit": 1,
                "http_tokens": "optional",
                "instance_metadata_tags": "disabled"
              }
            ],
            "monitoring": false,
            "network_interface": [],
            "outpost_arn": "",
            "password_data": "",
            "placement_group": "",
            "placement_partition_number": 0,
            "primary_network_interface_id": "eni-0425c94b7488d8867",
            "private_dns": "ip-172-31-3-253.us-east-2.compute.internal",
            "private_dns_name_options": [
              {
                "enable_resource_name_dns_a_record": false,
                "enable_resource_name_dns_aaaa_record": false,
                "hostname_type": "ip-name"
              }
            ],
            "private_ip": "172.31.3.253",
            "public_dns": "ec2-3-137-187-141.us-east-2.compute.amazonaws.com",
            "public_ip": "3.137.187.141",
            "root_block_device": [
              {
                "delete_on_termination": true,
                "device_name": "/dev/sda1",
                "encrypted": false,
                "iops": 100,
                "kms_key_id": "",
                "tags": {},
                "tags_all": {},
                "throughput": 0,
                "volume_id": "vol-09b31ffeff6562fed",
                "volume_size": 8,
                "volume_type": "gp2"
              }
            ],
            "secondary_private_ips": [],
            "security_groups": [
              "itashi-key"
            ],
            "source_dest_check": true,
            "spot_instance_request_id": "",
            "subnet_id": "subnet-021f703c84ac65677",
            "tags": {
              "Name": "Itashi"
            },
            "tags_all": {
              "Name": "Itashi"
            },
            "tenancy": "default",
            "timeouts": null,
            "user_data": null,
            "user_data_base64": null,
            "user_data_replace_on_change": false,
            "volume_tags": null,
            "vpc_security_group_ids": [
              "sg-063512929027095be"
            ]
          },
          "sensitive_attributes": [],
          "private": "eyJlMmJmYjczMC1lY2FhLTExZTYtOGY4OC0zNDM2M2JjN2M0YzAiOnsiY3JlYXRlIjo2MDAwMDAwMDAwMDAsImRlbGV0ZSI6MTIwMDAwMDAwMDAwMCwicmVhZCI6OTAwMDAwMDAwMDAwLCJ1cGRhdGUiOjYwMDAwMDAwMDAwMH0sInNjaGVtYV92ZXJzaW9uIjoiMSJ9",
          "dependencies": [
            "aws_key_pair.keypair",
            "aws_security_group.ubuntu",
            "data.aws_ami.ubuntu",
            "tls_private_key.keypair"
          ]
        }
      ]
    },
    {
      "mode": "managed",
      "type": "aws_key_pair",
      "name": "keypair",
      "provider": "provider[\"registry.terraform.io/hashicorp/aws\"]",
      "instances": [
        {
          "schema_version": 1,
          "attributes": {
            "arn": "arn:aws:ec2:us-east-2:554660509057:key-pair/itashi-key",
            "fingerprint": "02:f1:5f:4b:f4:90:d7:04:f2:b7:18:42:6e:27:84:66",
            "id": "itashi-key",
            "key_name": "itashi-key",
            "key_name_prefix": "",
            "key_pair_id": "key-0965bce5fca9f339b",
            "key_type": "rsa",
            "public_key": "ssh-rsa AAAAB3NzaC1yc2EAAAADAQABAAABAQDC8/kZ3oqH3ffKbLo2BnoWd9RiXOwaaiMHc2NtbY3KY7NHs+RxcHg409tFWYZ78yvkTRrHi8NiESJqoJyNzNhe7HAJU736ocSG+Da7XSiauH1dV/N7RtXQy9mKManxfqylwr4fKqik+ybidDyHtJ3XAjDBhCVZj3jlryKc4nbKO27pP7JWdbc6GiVFdyFVmGVzvAE3WFQNZfBrEoFKA4UxKpsf85eYNxpnyrOgFx/nSBaefoNn/82zRHphZfn/OOCasPMZjoqWESlzOeY+tOJYXw+vjlfbUN1uHn9EQybQY3ANXIn2XnBWnxAmV9thNYAN+Q28lVUdyMWatWyrDykJ",
            "tags": {},
            "tags_all": {}
          },
          "sensitive_attributes": [],
          "private": "eyJzY2hlbWFfdmVyc2lvbiI6IjEifQ==",
          "dependencies": [
            "tls_private_key.keypair"
          ]
        }
      ]
    },
    {
      "mode": "managed",
      "type": "aws_security_group",
      "name": "ubuntu",
      "provider": "provider[\"registry.terraform.io/hashicorp/aws\"]",
      "instances": [
        {
          "schema_version": 1,
          "attributes": {
            "arn": "arn:aws:ec2:us-east-2:554660509057:security-group/sg-063512929027095be",
            "description": "Managed by terraform",
            "egress": [
              {
                "cidr_blocks": [
                  "0.0.0.0/0"
                ],
                "description": "All open for outbound access.",
                "from_port": 0,
                "ipv6_cidr_blocks": [],
                "prefix_list_ids": [],
                "protocol": "-1",
                "security_groups": [],
                "self": false,
                "to_port": 0
              }
            ],
            "id": "sg-063512929027095be",
            "ingress": [
              {
                "cidr_blocks": [
                  "0.0.0.0/0"
                ],
                "description": "HTTP Port",
                "from_port": 80,
                "ipv6_cidr_blocks": [],
                "prefix_list_ids": [],
                "protocol": "tcp",
                "security_groups": [],
                "self": false,
                "to_port": 80
              },
              {
                "cidr_blocks": [
                  "0.0.0.0/0"
                ],
                "description": "Port 22 for outbound access.",
                "from_port": 22,
                "ipv6_cidr_blocks": [],
                "prefix_list_ids": [],
                "protocol": "tcp",
                "security_groups": [],
                "self": false,
                "to_port": 22
              }
            ],
            "name": "itashi-key",
            "name_prefix": "",
            "owner_id": "554660509057",
            "revoke_rules_on_delete": false,
            "tags": {},
            "tags_all": {},
            "timeouts": null,
            "vpc_id": "vpc-024fe4924cee0a390"
          },
          "sensitive_attributes": [],
          "private": "eyJlMmJmYjczMC1lY2FhLTExZTYtOGY4OC0zNDM2M2JjN2M0YzAiOnsiY3JlYXRlIjo2MDAwMDAwMDAwMDAsImRlbGV0ZSI6OTAwMDAwMDAwMDAwfSwic2NoZW1hX3ZlcnNpb24iOiIxIn0="
        }
      ]
    },
    {
      "mode": "managed",
      "type": "local_file",
      "name": "index_html",
      "provider": "provider[\"registry.terraform.io/hashicorp/local\"]",
      "instances": [
        {
          "schema_version": 0,
          "attributes": {
            "content": "\u003cbr\u003eThis is apache instance is running on Server with Private IP:: 172.31.3.253\u003c/br\u003e\r\n\u003cbr\u003eFirewall rules are managed using:: itashi-key Security Group.\u003c/br\u003e",
            "content_base64": null,
            "content_base64sha256": "FIV8RovvJRnXvXyIVBR1ItpfL+j/n8QrcAfw3ws4B/I=",
            "content_base64sha512": "iWFSdw0O8inve577s5mQf8HMkZXfoVoU5RE0+if46ADF/yJQAeSmvNPAeBN3oUwSwFcls9k00y35EVz9BPeMzg==",
            "content_md5": "e826a919bd2faa1df163a0ecfcb448c0",
            "content_sha1": "603908c7c5e5a953ddaeef22c2f0e5abdc179460",
            "content_sha256": "14857c468bef2519d7bd7c8854147522da5f2fe8ff9fc42b7007f0df0b3807f2",
            "content_sha512": "896152770d0ef229ef7b9efbb399907fc1cc9195dfa15a14e51134fa27f8e800c5ff225001e4a6bcd3c0781377a14c12c05725b3d934d32df9115cfd04f78cce",
            "directory_permission": "0777",
            "file_permission": "0777",
            "filename": "index.html",
            "id": "603908c7c5e5a953ddaeef22c2f0e5abdc179460",
            "sensitive_content": null,
            "source": null
          },
          "sensitive_attributes": [],
          "dependencies": [
            "aws_instance.ubuntu",
            "aws_key_pair.keypair",
            "aws_security_group.ubuntu",
            "data.aws_ami.ubuntu",
            "template_file.index_html",
            "tls_private_key.keypair"
          ]
        }
      ]
    },
    {
      "mode": "managed",
      "type": "local_file",
      "name": "tls_private_key",
      "provider": "provider[\"registry.terraform.io/hashicorp/local\"]",
      "instances": [
        {
          "schema_version": 0,
          "attributes": {
            "content": "-----BEGIN RSA PRIVATE KEY-----\nMIIEogIBAAKCAQEAwvP5Gd6Kh933ymy6NgZ6FnfUYlzsGmojB3NjbW2NymOzR7Pk\ncXB4ONPbRVmGe/Mr5E0ax4vDYhEiaqCcjczYXuxwCVO9+qHEhvg2u10omrh9XVfz\ne0bV0MvZijGp8X6spcK+HyqopPsm4nQ8h7Sd1wIwwYQlWY945a8inOJ2yjtu6T+y\nVnW3OholRXchVZhlc7wBN1hUDWXwaxKBSgOFMSqbH/OXmDcaZ8qzoBcf50gWnn6D\nZ//Ns0R6YWX5/zjgmrDzGY6KlhEpcznmPrTiWF8Pr45X21Ddbh5/REMm0GNwDVyJ\n9l5wVp8QJlfbYTWADfkNvJVVHcjFmrVsqw8pCQIDAQABAoIBAGdyvsQTar8d8dbg\nSw9P8IjrnS90z3RUzbGucRwn/g1fSkrKEnZ/j8vX34q1Lr+nEatbntI0P8FSBkk+\nYNR91nLIU8sfPLg6Dubv31sc2+b97sgRW4oW1G6vPQgvwlX7OfHbnLc9E7A39TJF\nK7l3BiqJZwXI8WjM0QJQJLXLFe3JHTKrJtVla2fpW1PtwdHrfNxHmSw16JhZZeDf\nRSlqsHta77B2kyF88jGxXBr2wqYVVV4R5a/zukIW2uKsJnSndPqJH33g0pzYd/lQ\n22qnR/+7cuJTDjLkFKYe5eIKLvPShkGmDMuim/KzlKVTmgJF7Fk3DJ24Gxy1Cpoi\nmakEuAECgYEAxzIOGaPBPk8C6smh/nXgUdVLMo3pQUwmou8EX4N70IKFkRejSQv2\nZ5zQVRvgxYU/n03XSvcVwB7OfEzKLFWiIE95sxFxRfjG0rUU0eDdqyahk+i3gk/O\ncOebWn4OKRcwkTzKPoL1GwI25BQQu6AwFFFDsVgJSp2BhWmRiZHk3OkCgYEA+owz\nWibOnTcGesEFj7UK8g16A1dnvEGsniYYVadRoTQgN5bX2Q855hjdaTPsKvCb2GbN\nPIzCZytkDY7Bi1hVmwBC5UmobJ5i+pCdp2RblV5atCbn6KQM4WiCs7I+DZRwkrJU\nHflzwpe5F+yG2WUInHJNyYq7j2IQ5jZX3C5v1yECgYB2oRLQpjuR1hBQr6BwINdl\nJPfRtb4yix1/b4VVNMLqHLFbBY7TE/K9JiDUbvPf7klDoGIVXS1w62fhkwHcgWs6\nftplkH+7Qjt2hS1PCPI62Zjks3WGf+zcRLK6o9PfGNZtyJxRukAqw5jZIDIO64l2\nsCb2WQ2/iCn4wDRSj7aS8QKBgF+h2gwEGgMqOJ/sQyoqKWZgvHzABQl3a+LlmY5A\nEklcsxtkyTjBthDc1s5MEk4FjwbXnmkJNT7Z8hO2tKtyaSKDxATuy4nCHveS8You\nJULrQ+XVn9lNnNkA4jqiw0q9qQZlaPQT/hp9fRnjn0klZlcIziYqfRLqlJa6kWiq\nlOfhAoGAcOAO3Z7JruyvccYlxPGiRAVvmjW/0zK1ZEOBhnpnNRNDKAsEJcHKXO9h\nuE4p0A1jTQtW0RWKQgHKMfcg3PAltBT/sUOEtkVoc8YKUG2FMAqp3jc3T91HhTAD\nL6UUeWp/pDzpQ7IhNBl4yI8X7Nghwva/UfngVj8HQdxM8amc93E=\n-----END RSA PRIVATE KEY-----\n",
            "content_base64": null,
            "content_base64sha256": "/6k8Pj0aSqNh4mXo+p16bh/5tcdsKrmS0/wBHiLPw0c=",
            "content_base64sha512": "KhSpaGu2+8A5u9QE9Daoo7avekQr2UsdlqBnrl1RMipuWC4B8cYyHkbjw49RWK1tZ2byBvyn9p8VtBI/9PgPpQ==",
            "content_md5": "b0ec38139f43c4cbeba6021630adcd65",
            "content_sha1": "b966a6673c53e9a6f970c9551b17c03d0787206e",
            "content_sha256": "ffa93c3e3d1a4aa361e265e8fa9d7a6e1ff9b5c76c2ab992d3fc011e22cfc347",
            "content_sha512": "2a14a9686bb6fbc039bbd404f436a8a3b6af7a442bd94b1d96a067ae5d51322a6e582e01f1c6321e46e3c38f5158ad6d6766f206fca7f69f15b4123ff4f80fa5",
            "directory_permission": "0777",
            "file_permission": "0600",
            "filename": "c:/users/Admin/.ssh/itashi-key.pem",
            "id": "b966a6673c53e9a6f970c9551b17c03d0787206e",
            "sensitive_content": null,
            "source": null
          },
          "sensitive_attributes": [
            [
              {
                "type": "get_attr",
                "value": "content"
              }
            ]
          ],
          "dependencies": [
            "tls_private_key.keypair"
          ]
        }
      ]
    },
    {
      "mode": "managed",
      "type": "null_resource",
      "name": "copy_index_html",
      "provider": "provider[\"registry.terraform.io/hashicorp/null\"]",
      "instances": [
        {
          "schema_version": 0,
          "attributes": {
            "id": "1134405892482503569",
            "triggers": {
              "index_html": "603908c7c5e5a953ddaeef22c2f0e5abdc179460"
            }
          },
          "sensitive_attributes": [],
          "dependencies": [
            "aws_instance.ubuntu",
            "aws_key_pair.keypair",
            "aws_security_group.ubuntu",
            "data.aws_ami.ubuntu",
            "local_file.index_html",
            "template_file.index_html",
            "tls_private_key.keypair"
          ]
        }
      ]
    },
    {
      "mode": "managed",
      "type": "null_resource",
      "name": "install_packages",
      "provider": "provider[\"registry.terraform.io/hashicorp/null\"]",
      "instances": [
        {
          "schema_version": 0,
          "attributes": {
            "id": "9147020159905229556",
            "triggers": {
              "copy_index_html": "1134405892482503569"
            }
          },
          "sensitive_attributes": [],
          "dependencies": [
            "aws_instance.ubuntu",
            "aws_key_pair.keypair",
            "aws_security_group.ubuntu",
            "data.aws_ami.ubuntu",
            "local_file.index_html",
            "null_resource.copy_index_html",
            "template_file.index_html",
            "tls_private_key.keypair"
          ]
        }
      ]
    },
    {
      "mode": "managed",
      "type": "template_file",
      "name": "index_html",
      "provider": "provider[\"registry.terraform.io/hashicorp/template\"]",
      "instances": [
        {
          "schema_version": 0,
          "attributes": {
            "filename": null,
            "id": "14857c468bef2519d7bd7c8854147522da5f2fe8ff9fc42b7007f0df0b3807f2",
            "rendered": "\u003cbr\u003eThis is apache instance is running on Server with Private IP:: 172.31.3.253\u003c/br\u003e\r\n\u003cbr\u003eFirewall rules are managed using:: itashi-key Security Group.\u003c/br\u003e",
            "template": "\u003cbr\u003eThis is apache instance is running on Server with Private IP:: ${PRIVATE_IP}\u003c/br\u003e\r\n\u003cbr\u003eFirewall rules are managed using:: ${SECURITY_GROUP} Security Group.\u003c/br\u003e",
            "vars": {
              "PRIVATE_IP": "172.31.3.253",
              "SECURITY_GROUP": "itashi-key"
            }
          },
          "sensitive_attributes": [],
          "dependencies": [
            "aws_instance.ubuntu",
            "aws_key_pair.keypair",
            "aws_security_group.ubuntu",
            "data.aws_ami.ubuntu",
            "tls_private_key.keypair"
          ]
        }
      ]
    },
    {
      "mode": "managed",
      "type": "tls_private_key",
      "name": "keypair",
      "provider": "provider[\"registry.terraform.io/hashicorp/tls\"]",
      "instances": [
        {
          "schema_version": 1,
          "attributes": {
            "algorithm": "RSA",
            "ecdsa_curve": "P224",
            "id": "d9fbf98c9c6b379e9137eb0350e8884c25e37b9f",
            "private_key_openssh": "-----BEGIN OPENSSH PRIVATE KEY-----\nb3BlbnNzaC1rZXktdjEAAAAABG5vbmUAAAAEbm9uZQAAAAAAAAABAAABFwAAAAdz\nc2gtcnNhAAAAAwEAAQAAAQEAwvP5Gd6Kh933ymy6NgZ6FnfUYlzsGmojB3NjbW2N\nymOzR7PkcXB4ONPbRVmGe/Mr5E0ax4vDYhEiaqCcjczYXuxwCVO9+qHEhvg2u10o\nmrh9XVfze0bV0MvZijGp8X6spcK+HyqopPsm4nQ8h7Sd1wIwwYQlWY945a8inOJ2\nyjtu6T+yVnW3OholRXchVZhlc7wBN1hUDWXwaxKBSgOFMSqbH/OXmDcaZ8qzoBcf\n50gWnn6DZ//Ns0R6YWX5/zjgmrDzGY6KlhEpcznmPrTiWF8Pr45X21Ddbh5/REMm\n0GNwDVyJ9l5wVp8QJlfbYTWADfkNvJVVHcjFmrVsqw8pCQAAA7jwxUgK8MVICgAA\nAAdzc2gtcnNhAAABAQDC8/kZ3oqH3ffKbLo2BnoWd9RiXOwaaiMHc2NtbY3KY7NH\ns+RxcHg409tFWYZ78yvkTRrHi8NiESJqoJyNzNhe7HAJU736ocSG+Da7XSiauH1d\nV/N7RtXQy9mKManxfqylwr4fKqik+ybidDyHtJ3XAjDBhCVZj3jlryKc4nbKO27p\nP7JWdbc6GiVFdyFVmGVzvAE3WFQNZfBrEoFKA4UxKpsf85eYNxpnyrOgFx/nSBae\nfoNn/82zRHphZfn/OOCasPMZjoqWESlzOeY+tOJYXw+vjlfbUN1uHn9EQybQY3AN\nXIn2XnBWnxAmV9thNYAN+Q28lVUdyMWatWyrDykJAAAAAwEAAQAAAQBncr7EE2q/\nHfHW4EsPT/CI650vdM90VM2xrnEcJ/4NX0pKyhJ2f4/L19+KtS6/pxGrW57SND/B\nUgZJPmDUfdZyyFPLHzy4Og7m799bHNvm/e7IEVuKFtRurz0IL8JV+znx25y3PROw\nN/UyRSu5dwYqiWcFyPFozNECUCS1yxXtyR0yqybVZWtn6VtT7cHR63zcR5ksNeiY\nWWXg30UparB7Wu+wdpMhfPIxsVwa9sKmFVVeEeWv87pCFtrirCZ0p3T6iR994NKc\n2Hf5UNtqp0f/u3LiUw4y5BSmHuXiCi7z0oZBpgzLopvys5SlU5oCRexZNwyduBsc\ntQqaIpmpBLgBAAAAgHDgDt2eya7sr3HGJcTxokQFb5o1v9MytWRDgYZ6ZzUTQygL\nBCXBylzvYbhOKdANY00LVtEVikIByjH3INzwJbQU/7FDhLZFaHPGClBthTAKqd43\nN0/dR4UwAy+lFHlqf6Q86UOyITQZeMiPF+zYIcL2v1H54FY/B0HcTPGpnPdxAAAA\ngQDHMg4Zo8E+TwLqyaH+deBR1UsyjelBTCai7wRfg3vQgoWRF6NJC/ZnnNBVG+DF\nhT+fTddK9xXAHs58TMosVaIgT3mzEXFF+MbStRTR4N2rJqGT6LeCT85w55tafg4p\nFzCRPMo+gvUbAjbkFBC7oDAUUUOxWAlKnYGFaZGJkeTc6QAAAIEA+owzWibOnTcG\nesEFj7UK8g16A1dnvEGsniYYVadRoTQgN5bX2Q855hjdaTPsKvCb2GbNPIzCZytk\nDY7Bi1hVmwBC5UmobJ5i+pCdp2RblV5atCbn6KQM4WiCs7I+DZRwkrJUHflzwpe5\nF+yG2WUInHJNyYq7j2IQ5jZX3C5v1yEAAAAAAQID\n-----END OPENSSH PRIVATE KEY-----\n",
            "private_key_pem": "-----BEGIN RSA PRIVATE KEY-----\nMIIEogIBAAKCAQEAwvP5Gd6Kh933ymy6NgZ6FnfUYlzsGmojB3NjbW2NymOzR7Pk\ncXB4ONPbRVmGe/Mr5E0ax4vDYhEiaqCcjczYXuxwCVO9+qHEhvg2u10omrh9XVfz\ne0bV0MvZijGp8X6spcK+HyqopPsm4nQ8h7Sd1wIwwYQlWY945a8inOJ2yjtu6T+y\nVnW3OholRXchVZhlc7wBN1hUDWXwaxKBSgOFMSqbH/OXmDcaZ8qzoBcf50gWnn6D\nZ//Ns0R6YWX5/zjgmrDzGY6KlhEpcznmPrTiWF8Pr45X21Ddbh5/REMm0GNwDVyJ\n9l5wVp8QJlfbYTWADfkNvJVVHcjFmrVsqw8pCQIDAQABAoIBAGdyvsQTar8d8dbg\nSw9P8IjrnS90z3RUzbGucRwn/g1fSkrKEnZ/j8vX34q1Lr+nEatbntI0P8FSBkk+\nYNR91nLIU8sfPLg6Dubv31sc2+b97sgRW4oW1G6vPQgvwlX7OfHbnLc9E7A39TJF\nK7l3BiqJZwXI8WjM0QJQJLXLFe3JHTKrJtVla2fpW1PtwdHrfNxHmSw16JhZZeDf\nRSlqsHta77B2kyF88jGxXBr2wqYVVV4R5a/zukIW2uKsJnSndPqJH33g0pzYd/lQ\n22qnR/+7cuJTDjLkFKYe5eIKLvPShkGmDMuim/KzlKVTmgJF7Fk3DJ24Gxy1Cpoi\nmakEuAECgYEAxzIOGaPBPk8C6smh/nXgUdVLMo3pQUwmou8EX4N70IKFkRejSQv2\nZ5zQVRvgxYU/n03XSvcVwB7OfEzKLFWiIE95sxFxRfjG0rUU0eDdqyahk+i3gk/O\ncOebWn4OKRcwkTzKPoL1GwI25BQQu6AwFFFDsVgJSp2BhWmRiZHk3OkCgYEA+owz\nWibOnTcGesEFj7UK8g16A1dnvEGsniYYVadRoTQgN5bX2Q855hjdaTPsKvCb2GbN\nPIzCZytkDY7Bi1hVmwBC5UmobJ5i+pCdp2RblV5atCbn6KQM4WiCs7I+DZRwkrJU\nHflzwpe5F+yG2WUInHJNyYq7j2IQ5jZX3C5v1yECgYB2oRLQpjuR1hBQr6BwINdl\nJPfRtb4yix1/b4VVNMLqHLFbBY7TE/K9JiDUbvPf7klDoGIVXS1w62fhkwHcgWs6\nftplkH+7Qjt2hS1PCPI62Zjks3WGf+zcRLK6o9PfGNZtyJxRukAqw5jZIDIO64l2\nsCb2WQ2/iCn4wDRSj7aS8QKBgF+h2gwEGgMqOJ/sQyoqKWZgvHzABQl3a+LlmY5A\nEklcsxtkyTjBthDc1s5MEk4FjwbXnmkJNT7Z8hO2tKtyaSKDxATuy4nCHveS8You\nJULrQ+XVn9lNnNkA4jqiw0q9qQZlaPQT/hp9fRnjn0klZlcIziYqfRLqlJa6kWiq\nlOfhAoGAcOAO3Z7JruyvccYlxPGiRAVvmjW/0zK1ZEOBhnpnNRNDKAsEJcHKXO9h\nuE4p0A1jTQtW0RWKQgHKMfcg3PAltBT/sUOEtkVoc8YKUG2FMAqp3jc3T91HhTAD\nL6UUeWp/pDzpQ7IhNBl4yI8X7Nghwva/UfngVj8HQdxM8amc93E=\n-----END RSA PRIVATE KEY-----\n",
            "private_key_pem_pkcs8": "-----BEGIN PRIVATE KEY-----\nMIIEvAIBADANBgkqhkiG9w0BAQEFAASCBKYwggSiAgEAAoIBAQDC8/kZ3oqH3ffK\nbLo2BnoWd9RiXOwaaiMHc2NtbY3KY7NHs+RxcHg409tFWYZ78yvkTRrHi8NiESJq\noJyNzNhe7HAJU736ocSG+Da7XSiauH1dV/N7RtXQy9mKManxfqylwr4fKqik+ybi\ndDyHtJ3XAjDBhCVZj3jlryKc4nbKO27pP7JWdbc6GiVFdyFVmGVzvAE3WFQNZfBr\nEoFKA4UxKpsf85eYNxpnyrOgFx/nSBaefoNn/82zRHphZfn/OOCasPMZjoqWESlz\nOeY+tOJYXw+vjlfbUN1uHn9EQybQY3ANXIn2XnBWnxAmV9thNYAN+Q28lVUdyMWa\ntWyrDykJAgMBAAECggEAZ3K+xBNqvx3x1uBLD0/wiOudL3TPdFTNsa5xHCf+DV9K\nSsoSdn+Py9ffirUuv6cRq1ue0jQ/wVIGST5g1H3WcshTyx88uDoO5u/fWxzb5v3u\nyBFbihbUbq89CC/CVfs58ductz0TsDf1MkUruXcGKolnBcjxaMzRAlAktcsV7ckd\nMqsm1WVrZ+lbU+3B0et83EeZLDXomFll4N9FKWqwe1rvsHaTIXzyMbFcGvbCphVV\nXhHlr/O6Qhba4qwmdKd0+okffeDSnNh3+VDbaqdH/7ty4lMOMuQUph7l4gou89KG\nQaYMy6Kb8rOUpVOaAkXsWTcMnbgbHLUKmiKZqQS4AQKBgQDHMg4Zo8E+TwLqyaH+\ndeBR1UsyjelBTCai7wRfg3vQgoWRF6NJC/ZnnNBVG+DFhT+fTddK9xXAHs58TMos\nVaIgT3mzEXFF+MbStRTR4N2rJqGT6LeCT85w55tafg4pFzCRPMo+gvUbAjbkFBC7\noDAUUUOxWAlKnYGFaZGJkeTc6QKBgQD6jDNaJs6dNwZ6wQWPtQryDXoDV2e8Qaye\nJhhVp1GhNCA3ltfZDznmGN1pM+wq8JvYZs08jMJnK2QNjsGLWFWbAELlSahsnmL6\nkJ2nZFuVXlq0JufopAzhaIKzsj4NlHCSslQd+XPCl7kX7IbZZQicck3JiruPYhDm\nNlfcLm/XIQKBgHahEtCmO5HWEFCvoHAg12Uk99G1vjKLHX9vhVU0wuocsVsFjtMT\n8r0mINRu89/uSUOgYhVdLXDrZ+GTAdyBazp+2mWQf7tCO3aFLU8I8jrZmOSzdYZ/\n7NxEsrqj098Y1m3InFG6QCrDmNkgMg7riXawJvZZDb+IKfjANFKPtpLxAoGAX6Ha\nDAQaAyo4n+xDKiopZmC8fMAFCXdr4uWZjkASSVyzG2TJOMG2ENzWzkwSTgWPBtee\naQk1PtnyE7a0q3JpIoPEBO7LicIe95Lxii4lQutD5dWf2U2c2QDiOqLDSr2pBmVo\n9BP+Gn19GeOfSSVmVwjOJip9EuqUlrqRaKqU5+ECgYBw4A7dnsmu7K9xxiXE8aJE\nBW+aNb/TMrVkQ4GGemc1E0MoCwQlwcpc72G4TinQDWNNC1bRFYpCAcox9yDc8CW0\nFP+xQ4S2RWhzxgpQbYUwCqneNzdP3UeFMAMvpRR5an+kPOlDsiE0GXjIjxfs2CHC\n9r9R+eBWPwdB3EzxqZz3cQ==\n-----END PRIVATE KEY-----\n",
            "public_key_fingerprint_md5": "9e:fd:97:07:ca:4c:f1:ad:05:98:f8:8f:1b:a6:19:7f",
            "public_key_fingerprint_sha256": "SHA256:IyHnOqYpu+tDIuR5D2iOmDmo2ISgzfAPDiIpCIe765s",
            "public_key_openssh": "ssh-rsa AAAAB3NzaC1yc2EAAAADAQABAAABAQDC8/kZ3oqH3ffKbLo2BnoWd9RiXOwaaiMHc2NtbY3KY7NHs+RxcHg409tFWYZ78yvkTRrHi8NiESJqoJyNzNhe7HAJU736ocSG+Da7XSiauH1dV/N7RtXQy9mKManxfqylwr4fKqik+ybidDyHtJ3XAjDBhCVZj3jlryKc4nbKO27pP7JWdbc6GiVFdyFVmGVzvAE3WFQNZfBrEoFKA4UxKpsf85eYNxpnyrOgFx/nSBaefoNn/82zRHphZfn/OOCasPMZjoqWESlzOeY+tOJYXw+vjlfbUN1uHn9EQybQY3ANXIn2XnBWnxAmV9thNYAN+Q28lVUdyMWatWyrDykJ\n",
            "public_key_pem": "-----BEGIN PUBLIC KEY-----\nMIIBIjANBgkqhkiG9w0BAQEFAAOCAQ8AMIIBCgKCAQEAwvP5Gd6Kh933ymy6NgZ6\nFnfUYlzsGmojB3NjbW2NymOzR7PkcXB4ONPbRVmGe/Mr5E0ax4vDYhEiaqCcjczY\nXuxwCVO9+qHEhvg2u10omrh9XVfze0bV0MvZijGp8X6spcK+HyqopPsm4nQ8h7Sd\n1wIwwYQlWY945a8inOJ2yjtu6T+yVnW3OholRXchVZhlc7wBN1hUDWXwaxKBSgOF\nMSqbH/OXmDcaZ8qzoBcf50gWnn6DZ//Ns0R6YWX5/zjgmrDzGY6KlhEpcznmPrTi\nWF8Pr45X21Ddbh5/REMm0GNwDVyJ9l5wVp8QJlfbYTWADfkNvJVVHcjFmrVsqw8p\nCQIDAQAB\n-----END PUBLIC KEY-----\n",
            "rsa_bits": 2048
          },
          "sensitive_attributes": []
        }
      ]
    }
  ],
  "check_results": null
}
